Microsoft Visual Studio Solution File, Format Version 12.00
# Visual Studio Version 17
VisualStudioVersion = 17.5.2.0
MinimumVisualStudioVersion = 10.0.40219.1
Project("{FAE04EC0-301F-11D3-BF4B-00C04F79EFBC}") = "Ortalama", "Ortalama.csproj", "{97E1123E-E1AF-4A81-9762-1F09FF70CDEE}"
EndProject
Global
	GlobalSection(SolutionConfigurationPlatforms) = preSolution
		Debug|Any CPU = Debug|Any CPU
		Release|Any CPU = Release|Any CPU
	EndGlobalSection
	GlobalSection(ProjectConfigurationPlatforms) = postSolution
		{97E1123E-E1AF-4A81-9762-1F09FF70CDEE}.Debug|Any CPU.ActiveCfg = Debug|Any CPU
		{97E1123E-E1AF-4A81-9762-1F09FF70CDEE}.Debug|Any CPU.Build.0 = Debug|Any CPU
		{97E1123E-E1AF-4A81-9762-1F09FF70CDEE}.Release|Any CPU.ActiveCfg = Release|Any CPU
		{97E1123E-E1AF-4A81-9762-1F09FF70CDEE}.Release|Any CPU.Build.0 = Release|Any CPU
	EndGlobalSection
	GlobalSection(SolutionProperties) = preSolution
		HideSolutionNode = FALSE
	EndGlobalSection
	GlobalSection(ExtensibilityGlobals) = postSolution
		SolutionGuid = {9339F06D-291B-4F9D-BF44-00B81E52C064}
	EndGlobalSection
EndGlobal
